{
  "name": "svelte-compile",
  "version": "1.0.0",
  "lockfileVersion": 1,
  "requires": true,
  "dependencies": {
    "svelte": {
      "version": "1.60.2",
      "resolved": "https://registry.npmjs.org/svelte/-/svelte-1.60.2.tgz",
      "integrity": "sha512-TrF6DDEhSC/+WAQpT3qg54EDircYLof+Fr54FqEO0E/jh3DdLz6C9NwRn53QC9GCs6yIVsLZVJVgcGksIlv/hQ=="
    }
  }
}
